{
  "nodes": {
    "home-manager": {
      "inputs": {
        "nixpkgs": [
          "nixpkgs"
        ]
      },
      "locked": {
        "lastModified": 1767702900,
        "narHash": "sha256-xMzHmNytl7JgFRov2jHf2GYsLVp/sAfYO0JvbZt0uDo=",
        "owner": "nix-community",
        "repo": "home-manager",
        "rev": "38e187fd2f9efac197e03be0c25f3ee215974144",
        "type": "github"
      },
      "original": {
        "owner": "nix-community",
        "repo": "home-manager",
        "type": "github"
      }
    },
    "nixpkgs": {
      "locked": {
        "lastModified": 1767640445,
        "narHash": "sha256-UWYqmD7JFBEDBHWYcqE6s6c77pWdcU/i+bwD6XxMb8A=",
        "owner": "nixos",
        "repo": "nixpkgs",
        "rev": "9f0c42f8bc7151b8e7e5840fb3bd454ad850d8c5",
        "type": "github"
      },
      "original": {
        "owner": "nixos",
        "ref": "nixos-unstable",
        "repo": "nixpkgs",
        "type": "github"
      }
    },
    "noctalia": {
      "inputs": {
        "nixpkgs": [
          "nixpkgs"
        ]
      },
      "locked": {
        "lastModified": 1767719163,
        "narHash": "sha256-k78hceuf82nqR12ynP+CX84mkVODZYxv67JQwpt7mCg=",
        "owner": "noctalia-dev",
        "repo": "noctalia-shell",
        "rev": "27224e57900c64e2b2c30f6cd62f17d2ff99e4d6",
        "type": "github"
      },
      "original": {
        "owner": "noctalia-dev",
        "repo": "noctalia-shell",
        "type": "github"
      }
    },
    "root": {
      "inputs": {
        "home-manager": "home-manager",
        "nixpkgs": "nixpkgs",
        "noctalia": "noctalia"
      }
    }
  },
  "root": "root",
  "version": 7
}
